
Microsoft Visual Studio Solution File, Format Version 12.00
# Visual Studio Version 16
VisualStudioVersion = 16.0.30517.126
MinimumVisualStudioVersion = 10.0.40219.1
Project("{FAE04EC0-301F-11D3-BF4B-00C04F79EFBC}") = "gyak8_EH515M", "gyak8_EH515M\gyak8_EH515M.csproj", "{AA124F5E-5D12-4005-98F7-3912151CB377}"
EndProject
Global
	GlobalSection(SolutionConfigurationPlatforms) = preSolution
		Debug|Any CPU = Debug|Any CPU
		Release|Any CPU = Release|Any CPU
	EndGlobalSection
	GlobalSection(ProjectConfigurationPlatforms) = postSolution
		{AA124F5E-5D12-4005-98F7-3912151CB377}.Debug|Any CPU.ActiveCfg = Debug|Any CPU
		{AA124F5E-5D12-4005-98F7-3912151CB377}.Debug|Any CPU.Build.0 = Debug|Any CPU
		{AA124F5E-5D12-4005-98F7-3912151CB377}.Release|Any CPU.ActiveCfg = Release|Any CPU
		{AA124F5E-5D12-4005-98F7-3912151CB377}.Release|Any CPU.Build.0 = Release|Any CPU
	EndGlobalSection
	GlobalSection(SolutionProperties) = preSolution
		HideSolutionNode = FALSE
	EndGlobalSection
	GlobalSection(ExtensibilityGlobals) = postSolution
		SolutionGuid = {5C99834E-0AE0-4E2F-A690-02DC3267B17F}
	EndGlobalSection
EndGlobal
