
Microsoft Visual Studio Solution File, Format Version 12.00
# Visual Studio Version 16
VisualStudioVersion = 16.0.29102.190
MinimumVisualStudioVersion = 10.0.40219.1
Project("{FAE04EC0-301F-11D3-BF4B-00C04F79EFBC}") = "UserMaintenance", "UserMaintenance\UserMaintenance.csproj", "{0BC92935-C5B1-4080-AE38-BFF51CC68D92}"
EndProject
Global
	GlobalSection(SolutionConfigurationPlatforms) = preSolution
		Debug|Any CPU = Debug|Any CPU
		Release|Any CPU = Release|Any CPU
	EndGlobalSection
	GlobalSection(ProjectConfigurationPlatforms) = postSolution
		{0BC92935-C5B1-4080-AE38-BFF51CC68D92}.Debug|Any CPU.ActiveCfg = Debug|Any CPU
		{0BC92935-C5B1-4080-AE38-BFF51CC68D92}.Debug|Any CPU.Build.0 = Debug|Any CPU
		{0BC92935-C5B1-4080-AE38-BFF51CC68D92}.Release|Any CPU.ActiveCfg = Release|Any CPU
		{0BC92935-C5B1-4080-AE38-BFF51CC68D92}.Release|Any CPU.Build.0 = Release|Any CPU
	EndGlobalSection
	GlobalSection(SolutionProperties) = preSolution
		HideSolutionNode = FALSE
	EndGlobalSection
	GlobalSection(ExtensibilityGlobals) = postSolution
		SolutionGuid = {E2DB090A-656B-473D-90C0-5C0F44C1E013}
	EndGlobalSection
EndGlobal
