
Microsoft Visual Studio Solution File, Format Version 12.00
# Visual Studio Version 16
VisualStudioVersion = 16.0.30717.126
MinimumVisualStudioVersion = 10.0.40219.1
Project("{FAE04EC0-301F-11D3-BF4B-00C04F79EFBC}") = "Evolucio_EH515M", "Evolucio_EH515M\Evolucio_EH515M.csproj", "{6227BFB3-2879-4E94-A334-BFBB6D179E20}"
EndProject
Global
	GlobalSection(SolutionConfigurationPlatforms) = preSolution
		Debug|Any CPU = Debug|Any CPU
		Release|Any CPU = Release|Any CPU
	EndGlobalSection
	GlobalSection(ProjectConfigurationPlatforms) = postSolution
		{6227BFB3-2879-4E94-A334-BFBB6D179E20}.Debug|Any CPU.ActiveCfg = Debug|Any CPU
		{6227BFB3-2879-4E94-A334-BFBB6D179E20}.Debug|Any CPU.Build.0 = Debug|Any CPU
		{6227BFB3-2879-4E94-A334-BFBB6D179E20}.Release|Any CPU.ActiveCfg = Release|Any CPU
		{6227BFB3-2879-4E94-A334-BFBB6D179E20}.Release|Any CPU.Build.0 = Release|Any CPU
	EndGlobalSection
	GlobalSection(SolutionProperties) = preSolution
		HideSolutionNode = FALSE
	EndGlobalSection
	GlobalSection(ExtensibilityGlobals) = postSolution
		SolutionGuid = {018FCB60-96A6-4D64-8E5F-B3792F4F0D1F}
	EndGlobalSection
EndGlobal
